
Microsoft Visual Studio Solution File, Format Version 12.00
# Visual Studio Version 16
VisualStudioVersion = 25.0.1704.0
MinimumVisualStudioVersion = 10.0.40219.1
Project("{FAE04EC0-301F-11D3-BF4B-00C04F79EFBC}") = "NasaAPI_backend", "NasaAPI_backend\NasaAPI_backend.csproj", "{7F4920BC-6E27-4957-A962-A8C30270975C}"
EndProject
Global
	GlobalSection(SolutionConfigurationPlatforms) = preSolution
		Debug|Any CPU = Debug|Any CPU
		Release|Any CPU = Release|Any CPU
	EndGlobalSection
	GlobalSection(ProjectConfigurationPlatforms) = postSolution
		{7F4920BC-6E27-4957-A962-A8C30270975C}.Debug|Any CPU.ActiveCfg = Debug|Any CPU
		{7F4920BC-6E27-4957-A962-A8C30270975C}.Debug|Any CPU.Build.0 = Debug|Any CPU
		{7F4920BC-6E27-4957-A962-A8C30270975C}.Release|Any CPU.ActiveCfg = Release|Any CPU
		{7F4920BC-6E27-4957-A962-A8C30270975C}.Release|Any CPU.Build.0 = Release|Any CPU
	EndGlobalSection
	GlobalSection(SolutionProperties) = preSolution
		HideSolutionNode = FALSE
	EndGlobalSection
	GlobalSection(ExtensibilityGlobals) = postSolution
		SolutionGuid = {86C3EBC3-2B83-44A4-84EB-A625E7489010}
	EndGlobalSection
EndGlobal
